
Microsoft Visual Studio Solution File, Format Version 12.00
# Visual Studio Version 16
VisualStudioVersion = 16.0.31112.23
MinimumVisualStudioVersion = 10.0.40219.1
Project("{F184B08F-C81C-45F6-A57F-5ABD9991F28F}") = "Ejercicio Unidad 2", "Ejercicio Unidad 2.vbproj", "{E91C4578-D47A-409E-9E64-E2A53C7935FF}"
EndProject
Global
	GlobalSection(SolutionConfigurationPlatforms) = preSolution
		Debug|Any CPU = Debug|Any CPU
		Release|Any CPU = Release|Any CPU
	EndGlobalSection
	GlobalSection(ProjectConfigurationPlatforms) = postSolution
		{E91C4578-D47A-409E-9E64-E2A53C7935FF}.Debug|Any CPU.ActiveCfg = Debug|Any CPU
		{E91C4578-D47A-409E-9E64-E2A53C7935FF}.Debug|Any CPU.Build.0 = Debug|Any CPU
		{E91C4578-D47A-409E-9E64-E2A53C7935FF}.Release|Any CPU.ActiveCfg = Release|Any CPU
		{E91C4578-D47A-409E-9E64-E2A53C7935FF}.Release|Any CPU.Build.0 = Release|Any CPU
	EndGlobalSection
	GlobalSection(SolutionProperties) = preSolution
		HideSolutionNode = FALSE
	EndGlobalSection
	GlobalSection(ExtensibilityGlobals) = postSolution
		SolutionGuid = {92F9F89D-E5ED-431D-A60A-DC463DE556C9}
	EndGlobalSection
EndGlobal
